{
    "_meta": {
        "hash": {
            "sha256": "f4c3bdceed4f8616e351a86c8a594dc1903ccbadfc24bb37446f1be517df1c16"
        },
        "pipfile-spec": 6,
        "requires": {
            "python_version": "3.6"
        },
        "sources": [
            {
                "name": "pypi",
                "url": "https://pypi.org/simple",
                "verify_ssl": true
            }
        ]
    },
    "default": {
        "amocrm-api": {
            "hashes": [
                "sha256:c37d280f1517273a95639aea0ae22c727b8765d50426eec55cbb94a64c6bd449"
            ],
            "index": "pypi",
            "version": "==0.8.3"
        },
        "amqp": {
            "hashes": [
                "sha256:19a917e260178b8d410122712bac69cb3e6db010d68f6101e7307508aded5e68",
                "sha256:19d851b879a471fcfdcf01df9936cff924f422baa77653289f7095dedd5fb26a"
            ],
            "version": "==2.5.1"
        },
        "awesome-slugify": {
            "hashes": [
                "sha256:bbdec3fa2187917473a2efad092b57f7125a55f841a7cf6a1773178d32ccfd71"
            ],
            "index": "pypi",
            "version": "==1.6.5"
        },
        "awscli": {
            "hashes": [
                "sha256:a9525fc122186707720c20f3a7c41f235f5b8ef85fdc60498deca3fb9b17076a",
                "sha256:b9bd4a6821b63121aa5de93da3b88a2b1730c4457a44803fc6917bcae75dc512"
            ],
            "index": "pypi",
            "version": "==1.16.36"
        },
        "babel": {
            "hashes": [
                "sha256:af92e6106cb7c55286b25b38ad7695f8b4efb36a90ba483d7f7a6628c46158ab",
                "sha256:e86135ae101e31e2c8ec20a4e0c5220f4eed12487d5cf3f78be7e98d3a57fc28"
            ],
            "version": "==2.7.0"
        },
        "backports.functools-lru-cache": {
            "hashes": [
                "sha256:9d98697f088eb1b0fa451391f91afb5e3ebde16bbdb272819fd091151fda4f1a",
                "sha256:f0b0e4eba956de51238e17573b7087e852dfe9854afd2e9c873f73fc0ca0a6dd"
            ],
            "version": "==1.5"
        },
        "billiard": {
            "hashes": [
                "sha256:01afcb4e7c4fd6480940cfbd4d9edc19d7a7509d6ada533984d0d0f49901ec82",
                "sha256:b8809c74f648dfe69b973c8e660bcec00603758c9db8ba89d7719f88d5f01f26"
            ],
            "version": "==3.6.1.0"
        },
        "boto": {
            "hashes": [
                "sha256:053d64727b3bd7d24a64163d28feaa044257c5f49343f2c6cdd991c9fd4aab3b",
                "sha256:e8da1ad3ce7f84aaa35ec68feeded0f55818232d676e03529877eb8e935a005a"
            ],
            "index": "pypi",
            "version": "==2.45.0"
        },
        "boto3": {
            "hashes": [
                "sha256:077a653f14f1090a4bdc6afd4bee6e44f8f2ca3e442dd64df9652a6e96d741f3",
                "sha256:fe75e8d76f81f86c0860e6c337812b261d774f9582f9ecbdb364d9e9bc589d29"
            ],
            "index": "pypi",
            "version": "==1.9.26"
        },
        "botocore": {
            "hashes": [
                "sha256:b234cd935cc79013089742abd95e3c8246d9be7c68d3523cb910c86c5b2fab43",
                "sha256:e9599b346a23c648957e955e045196da68013f7262f7c7d36f7a98232438461f"
            ],
            "version": "==1.12.26"
        },
        "celery": {
            "hashes": [
                "sha256:4c4532aa683f170f40bd76f928b70bc06ff171a959e06e71bf35f2f9d6031ef9",
                "sha256:528e56767ae7e43a16cfef24ee1062491f5754368d38fcfffa861cdb9ef219be"
            ],
            "index": "pypi",
            "version": "==4.3.0"
        },
        "certifi": {
            "hashes": [
                "sha256:046832c04d4e752f37383b628bc601a7ea7211496b4638f6514d0e5b9acc4939",
                "sha256:945e3ba63a0b9f577b1395204e13c3a231f9bc0223888be653286534e5873695"
            ],
            "version": "==2019.6.16"
        },
        "chardet": {
            "hashes": [
                "sha256:84ab92ed1c4d4f16916e05906b6b75a6c0fb5db821cc65e70cbd64a3e2a5eaae",
                "sha256:fc323ffcaeaed0e0a02bf4d117757b98aed530d9ed4531e3e15460124c106691"
            ],
            "version": "==3.0.4"
        },
        "cheroot": {
            "hashes": [
                "sha256:5f1692d8444a988b76c54f795f96689ade3ae8294681f8aa222360326f2c7928",
                "sha256:b824f9961eb447809badeb051820a05770354e2f9ae5c355eecc21f22633c217"
            ],
            "version": "==6.5.6"
        },
        "cherrypy": {
            "hashes": [
                "sha256:48de31ba3db04c5354a0fcf8acf21a9c5190380013afca746d50237c9ebe70f0",
                "sha256:641b51570158dd301da5d569085c04fe7f2cc98474d103f8137d8dbe36b2f6e7"
            ],
            "index": "pypi",
            "version": "==18.1.2"
        },
        "collectfast": {
            "hashes": [
                "sha256:a0f7a714f58ccd7abd4f2a04279cb9c69c8af023c38f5b2628f7e2bc1ad93a68",
                "sha256:f194cc3a7f7d502a487d80e473210173d6832fd4d363a83e6fe567344e077ecd"
            ],
            "index": "pypi",
            "version": "==1.0.0"
        },
        "colorama": {
            "hashes": [
                "sha256:463f8483208e921368c9f306094eb6f725c6ca42b0f97e313cb5d5512459feda",
                "sha256:48eb22f4f8461b1df5734a074b57042430fb06e1d61bd1e11b078c0fe6d7a1f1"
            ],
            "version": "==0.3.9"
        },
        "django": {
            "hashes": [
                "sha256:16a5d54411599780ac9dfe3b9b38f90f785c51259a584e0b24b6f14a7f69aae8",
                "sha256:9a2f98211ab474c710fcdad29c82f30fc14ce9917c7a70c3682162a624de4035"
            ],
            "index": "pypi",
            "version": "==2.2.4"
        },
        "django-cache-url": {
            "hashes": [
                "sha256:d7e7d3f3fadaa38ab7c655afafc85c2a1b06a3ddc0002af4ae021c1948307f8b",
                "sha256:f0009452c4d63468714c7ff59266085947f3f3cc0947b3b2e87121bb27538d6c"
            ],
            "index": "pypi",
            "version": "==2.0.0"
        },
        "django-dotenv": {
            "hashes": [
                "sha256:2930f6b0c0955ac150e1ca9ac01e84afa71efdbb544dea7155f026e20e401305",
                "sha256:f9e24f89a21f2b1ee010e903f9df5102b0c6c9174e629b07ca2f1a243bb68a3d"
            ],
            "index": "pypi",
            "version": "==1.4.1"
        },
        "django-extensions": {
            "hashes": [
                "sha256:1f626353a11479014bfe0d77e76d8f866ebca1bb5d595cb57b776230b9e0eb92",
                "sha256:f21b898598a1628cb73017fb9672e2c5e624133be9764f0eb138e0abf8a62b62"
            ],
            "index": "pypi",
            "version": "==2.1.2"
        },
        "django-phonenumber-field": {
            "hashes": [
                "sha256:1ab19f723928582fed412bd9844221fa4ff466276d8526b8b4a9913ee1487c5e",
                "sha256:794ebbc3068a7af75aa72a80cb0cec67e714ff8409a965968040f1fd210b2d97"
            ],
            "index": "pypi",
            "version": "==3.0.1"
        },
        "django-redis": {
            "hashes": [
                "sha256:5229da5b07ccb8d3e3e9ee098c0b7c03e20eba48634bc456697dd73d62c68b19",
                "sha256:9660332cf9de5689a7ebbe0c623c4a0de79e0916a6ae867b5d0b94759bba46c9"
            ],
            "index": "pypi",
            "version": "==4.8.0"
        },
        "django-storages": {
            "hashes": [
                "sha256:ab6be1538cf29511400bce83d0e5ca74d2e935cad82086063bcf5e7edacc1661",
                "sha256:bc8e4c1f483608c5dd1212072fd41042f3ef2d2a2896ec4fb12dbc62c82996a0"
            ],
            "index": "pypi",
            "version": "==1.6.5"
        },
        "djangorestframework": {
            "hashes": [
                "sha256:42979bd5441bb4d8fd69d0f385024a114c3cae7df0f110600b718751250f6929",
                "sha256:aedb48010ebfab9651aaab1df5fd3b4848eb4182afc909852a2110c24f89a359"
            ],
            "index": "pypi",
            "version": "==3.10.2"
        },
        "docutils": {
            "hashes": [
                "sha256:6c4f696463b79f1fb8ba0c594b63840ebd41f059e92b31957c46b74a4599b6d0",
                "sha256:9e4d7ecfc600058e07ba661411a2b7de2fd0fafa17d1a7f7361cd47b1175c827",
                "sha256:a2aeea129088da402665e92e0b25b04b073c04b2dce4ab65caaa38b7ce2e1a99"
            ],
            "version": "==0.15.2"
        },
        "envparse": {
            "hashes": [
                "sha256:4f3b9a27bb55d27f124eb4adf006fec05e4588891c9a054a183a112645056eb7"
            ],
            "index": "pypi",
            "version": "==0.2.0"
        },
        "gunicorn": {
            "hashes": [
                "sha256:aa8e0b40b4157b36a5df5e599f45c9c76d6af43845ba3b3b0efe2c70473c2471",
                "sha256:fa2662097c66f920f53f70621c6c58ca4a3c4d3434205e608e121b5b3b71f4f3"
            ],
            "index": "pypi",
            "version": "==19.9.0"
        },
        "idna": {
            "hashes": [
                "sha256:c357b3f628cf53ae2c4c05627ecc484553142ca23264e593d327bcde5e9c3407",
                "sha256:ea8b7f6188e6fa117537c3df7da9fc686d485087abf6ac197f9c46432f7e4a3c"
            ],
            "version": "==2.8"
        },
        "importlib-metadata": {
            "hashes": [
                "sha256:23d3d873e008a513952355379d93cbcab874c58f4f034ff657c7a87422fa64e8",
                "sha256:80d2de76188eabfbfcf27e6a37342c2827801e59c4cc14b0371c56fed43820e3"
            ],
            "version": "==0.19"
        },
        "jaraco.functools": {
            "hashes": [
                "sha256:35ba944f52b1a7beee8843a5aa6752d1d5b79893eeb7770ea98be6b637bf9345",
                "sha256:e9e377644cee5f6f9128b4dab1631fca74981236e95a255f80e4292bcd2b5284"
            ],
            "version": "==2.0"
        },
        "jmespath": {
            "hashes": [
                "sha256:3720a4b1bd659dd2eecad0666459b9788813e032b83e7ba58578e48254e0a0e6",
                "sha256:bde2aef6f44302dfb30320115b17d030798de8c4110e28d5cf6cf91a7a31074c"
            ],
            "version": "==0.9.4"
        },
        "kombu": {
            "hashes": [
                "sha256:55274dc75eb3c3994538b0973a0fadddb236b698a4bc135b8aa4981e0a710b8f",
                "sha256:e5f0312dfb9011bebbf528ccaf118a6c2b5c3b8244451f08381fb23e7715809b"
            ],
            "version": "==4.6.4"
        },
        "more-itertools": {
            "hashes": [
                "sha256:409cd48d4db7052af495b09dec721011634af3753ae1ef92d2b32f73a745f832",
                "sha256:92b8c4b06dac4f0611c0729b2f2ede52b2e1bac1ab48f089c7ddc12e26bb60c4"
            ],
            "version": "==7.2.0"
        },
        "olefile": {
            "hashes": [
                "sha256:133b031eaf8fd2c9399b78b8bc5b8fcbe4c31e85295749bb17a87cba8f3c3964"
            ],
            "version": "==0.46"
        },
        "paste": {
            "hashes": [
                "sha256:18323f22df5ab6998fdf4c5aa5a9f41d33ff949a87ad7b2ca48e72fbf50fa3e4",
                "sha256:7add706caca21f315070ca0e714abf0fb014ac597cc5ac02e9ddd135241ac3ed"
            ],
            "index": "pypi",
            "version": "==3.1.0"
        },
        "phonenumbers": {
            "hashes": [
                "sha256:b913023be4f99a210038efd3cef5212b3d11fdf7829a0b75a0031cff3eae2d9e",
                "sha256:e9752dda6abb076d528d954d16c8bc7f8682df6f42c837862d0dea88c7667908"
            ],
            "index": "pypi",
            "version": "==8.10.17"
        },
        "pillow": {
            "hashes": [
                "sha256:0122ea0ebc4290f57e5dfe8227885ff3263eeaf57acaf6a1567eb2b74ca8075a",
                "sha256:1b661661db640dffd4f33d8621ccb84e705749b8ce10903b6f5e9661a730d70c",
                "sha256:20d171b35d0f5a18a300538b77fec2fe1bb1345e81a3eccb44a47a9a289d9006",
                "sha256:2498f309fdbae5282748e699d3b1358a2edbcf5ed5ed3383b8f3f2fa043abae2",
                "sha256:31b74729177b771295867997283739235f07670a62fd424b9a44a4c063c48507",
                "sha256:3591a273b70fed23a49b3896dc0d9727cb802a80c58737d7244b49341ed47acf",
                "sha256:3623153a144a939f63a2045e221ed98290d95c36237569c51578bf01f65067f7",
                "sha256:394a5342d47b2c188ba5158e161a72fdb6d0f6f54f95f54b0b28189baf580031",
                "sha256:3b7b9d9c2cd2564c8552c3bc058a630c48de2fb2b7e28a5d6628e238368026e9",
                "sha256:43277035bb3054a6c02b8be3c743cd44803d9bcd1db35e1608bec21b4eff7869",
                "sha256:4588f7ef61be580ac9c3e838082d28d63ed1c784a7d899a363d63fe432d52eaa",
                "sha256:577c14825df65afa1698dda6913b7c678427210f02c3a850d81046003004b11a",
                "sha256:6adab9c0d524040ad674ab69565f6e0de80fdba63ed05f8b14c21e2a8bb668e5",
                "sha256:7597581ef84f0662b630353a4d649204f271efa9e48b28da664ff4ed90233a50",
                "sha256:7778ed5f4af2b5b2f7842e5a0000b5279e33cbfdc465a466419005cab205fbfa",
                "sha256:88cdb0057f82886147d8c86088f784099dffaed50890400f4cbfe15e82d0583f",
                "sha256:92dad394e6e7762dc1f2a5eb5fd1a2c3564b54812a717b2fdd755dd60deb60ae",
                "sha256:98e3f3267fa1e7d36e49600cd6dcddf024a959a0411971bd3e4d7ba4c2d16d87",
                "sha256:a08c406d1a5e2ce34d79ff98d1125729623cd8f7e76e28ab60891f1410921b07",
                "sha256:a51a91962966efe8872b624ec38dae556c50ca3a4a179dbb322f930146760890",
                "sha256:a57f32a2f09ed61800e687aec0b2eebb095499116f50eff99e27e03ed9a8d776",
                "sha256:b6cf9c210766664b63b034da65845c40fecc3c157bd2832ec3f4fe7e0bb6c2e3",
                "sha256:c2f377c0106cff9d349e18abd27af3cf8379ee28a8b297075c68fc486ec5a890",
                "sha256:de009e7077c56e3f5d1369e0bd66377e2b53d6705790193c595fc7befd95a491",
                "sha256:e24fb802b0ea28eb0a37367287466b98d9599a5d771a5b0091e81102155f542c",
                "sha256:ee26d2d7e7e300f76ba7b796014c04011394d0c4a5ed9a288264a3e443abca50",
                "sha256:ff04a7672239ac913c1a0a320748b612f39c4f5f58ae103888bc8feb771d6942"
            ],
            "index": "pypi",
            "version": "==4.0.0"
        },
        "portend": {
            "hashes": [
                "sha256:19dc27bfb3c72471bd30a235a4d5fbefef8a7e31cab367744b5d87a205e7bfd9",
                "sha256:d2dca12e585ce29fc357b31ce424a27c16e2d485029252bbf8ddcc9696207976"
            ],
            "version": "==2.5"
        },
        "psycopg2": {
            "hashes": [
                "sha256:04a5b2805c620ddecdff33e015631cc8d7ea8dd01e1fcc930bfe002fdc26b9e0",
                "sha256:0bd0b1cf81eb6d74a77199570d5ce097fb3c6b8e57acc1edd328cef5c552f98a",
                "sha256:16482d050db68503abbb693795d75e9fca287a00f662376759825404533ca87c",
                "sha256:279dbf220c94c9f73aefac719ea3b9550ca791389bc9184c15e835516bc8428d",
                "sha256:35d1fec112337c2607c8ca17dee3c2f8455e07dd69d140ff8e86ef1240dace3d",
                "sha256:39369e40bc3e062da5da93ce5f1e7f9bed95e9a60cb6f003d316f2a834722e2d",
                "sha256:3ab693b907b2c7a34c1dca198cfc454516cfd75440fd913bb372da6f70d6db55",
                "sha256:3c99c88216e0fc62113a1177aae9db18a533274370e99a4537b433b87b319360",
                "sha256:3fbba0dd7f3ac458f355dcfc4d7d9cd082c19748e453bcd81bf9d8bc14260c01",
                "sha256:471e3140e1cb241ecb53602cdc98fe305b82c854cfa53c3e343d642683dc96c7",
                "sha256:4cca242df228364b4de6241c54553301856bc253d7f21e15009b11c812eb7b5c",
                "sha256:4d7c872d9c85745964cf8efabba3fb1a6010b345c18d0e2b620509f0444aa729",
                "sha256:4db0de7d6236acbf7d020926489b6c4b98e845ba98df11057f22d54866e26b20",
                "sha256:4fbe2c29f6d4c8d9eac5fc3c42c42036e7cc58e225036130b7713afa72489aac",
                "sha256:604c49bf196c654c417ade1dc765bd23fe9bc3392d9a8c7184a7077142d621b3",
                "sha256:6194e81d8839b636118f5275c53be3c70eb3c3abcf836de675c34b20c06025ea",
                "sha256:891a70235c202158780fc0ab98d7ca2a7ed1625c26725b15119d47b2d852a5c6",
                "sha256:8d2003d23d8fc59f0f0a2e73c13baa41581006b8227a9d82bbdc1aa233285ba4",
                "sha256:99a298b9030f8fd36f885c5d0661e4d5a059136a541bb6c4d7d1100e38da3cd1",
                "sha256:9a0a74a6f20d82c389095c88d4d281e66eb3ffbc09adf543dcec4bec22436569",
                "sha256:9b7b16e26448b43cf167f785d8b5345007731ebf153a510e12dae826800caa65",
                "sha256:a4d7134058e8869d785c0be386cd702fe2a4be14b678d7571a51045e1bbad862",
                "sha256:b7646f7bdb42ba3cf7ef9f500f6514b5e413d25c5b3093d70e6ba52df417a83c",
                "sha256:c939b238cbc18e786909d20277c9f051241696ebb03ca9e3490094f526ce69a7",
                "sha256:df70e0a387b0145a7a80de67d43d84e1c5a24a33bbfaedb96271876d573e5fb6",
                "sha256:e26aca5eb272869fdf8e55111f36026517c1c0799eb7ef1ddf67d4412affe1ef",
                "sha256:e80a1ae04218e854a5d71085f9498c8c979033ca855cedeed3afc5d976c348ce",
                "sha256:ebee4f59803eda1ed4035649469a713818dbf5b6de2e12396edd9fa228727c20",
                "sha256:f07791ee5793621bfaaa844f731529cd72321280f94e8dc3bd4ef524d20f58f2",
                "sha256:f74e50341f45fb9bcd3598c11b5774c3e4349ee38cf15c342cc7075c73ef1f95",
                "sha256:face605eea5826fa36600c04447b61674992bbd5eb177f66f86f61a04436dbd9"
            ],
            "index": "pypi",
            "version": "==2.7.3.1"
        },
        "pyasn1": {
            "hashes": [
                "sha256:3bb81821d47b17146049e7574ab4bf1e315eb7aead30efe5d6a9ca422c9710be",
                "sha256:b773d5c9196ffbc3a1e13bdf909d446cad80a039aa3340bcad72f395b76ebc86"
            ],
            "version": "==0.4.6"
        },
        "python-dateutil": {
            "hashes": [
                "sha256:7e6584c74aeed623791615e26efd690f29817a27c73085b78e4bad02493df2fb",
                "sha256:c89805f6f4d64db21ed966fda138f8a5ed7a4fdbc1a8ee329ce1b74e3c74da9e"
            ],
            "markers": "python_version >= '2.7'",
            "version": "==2.8.0"
        },
        "pytz": {
            "hashes": [
                "sha256:26c0b32e437e54a18161324a2fca3c4b9846b74a8dccddd843113109e1116b32",
                "sha256:c894d57500a4cd2d5c71114aaab77dbab5eabd9022308ce5ac9bb93a60a6f0c7"
            ],
            "version": "==2019.2"
        },
        "pyyaml": {
            "hashes": [
                "sha256:3d7da3009c0f3e783b2c873687652d83b1bbfd5c88e9813fb7e5b03c0dd3108b",
                "sha256:3ef3092145e9b70e3ddd2c7ad59bdd0252a94dfe3949721633e41344de00a6bf",
                "sha256:40c71b8e076d0550b2e6380bada1f1cd1017b882f7e16f09a65be98e017f211a",
                "sha256:558dd60b890ba8fd982e05941927a3911dc409a63dcb8b634feaa0cda69330d3",
                "sha256:a7c28b45d9f99102fa092bb213aa12e0aaf9a6a1f5e395d36166639c1f96c3a1",
                "sha256:aa7dd4a6a427aed7df6fb7f08a580d68d9b118d90310374716ae90b710280af1",
                "sha256:bc558586e6045763782014934bfaf39d48b8ae85a2713117d16c39864085c613",
                "sha256:d46d7982b62e0729ad0175a9bc7e10a566fc07b224d2c79fafb5e032727eaa04",
                "sha256:d5eef459e30b09f5a098b9cea68bebfeb268697f78d647bd255a085371ac7f3f",
                "sha256:e01d3203230e1786cd91ccfdc8f8454c8069c91bee3962ad93b87a4b2860f537",
                "sha256:e170a9e6fcfd19021dd29845af83bb79236068bf5fd4df3327c1be18182b2531"
            ],
            "version": "==3.13"
        },
        "ratelimit": {
            "hashes": [
                "sha256:af8a9b64b821529aca09ebaf6d8d279100d766f19e90b5059ac6a718ca6dee42"
            ],
            "index": "pypi",
            "version": "==2.2.1"
        },
        "redis": {
            "hashes": [
                "sha256:98a22fb750c9b9bb46e75e945dc3f61d0ab30d06117cbb21ff9cd1d315fedd3b",
                "sha256:c504251769031b0dd7dd5cf786050a6050197c6de0d37778c80c08cb04ae8275"
            ],
            "version": "==3.3.8"
        },
        "regex": {
            "hashes": [
                "sha256:1e9f9bc44ca195baf0040b1938e6801d2f3409661c15fe57f8164c678cfc663f",
                "sha256:587b62d48ca359d2d4f02d486f1f0aa9a20fbaf23a9d4198c4bed72ab2f6c849",
                "sha256:835ccdcdc612821edf132c20aef3eaaecfb884c9454fdc480d5887562594ac61",
                "sha256:93f6c9da57e704e128d90736430c5c59dd733327882b371b0cae8833106c2a21",
                "sha256:a46f27d267665016acb3ec8c6046ec5eae8cf80befe85ba47f43c6f5ec636dcd",
                "sha256:c5c8999b3a341b21ac2c6ec704cfcccbc50f1fedd61b6a8ee915ca7fd4b0a557",
                "sha256:d4d1829cf97632673aa49f378b0a2c3925acd795148c5ace8ef854217abbee89",
                "sha256:d96479257e8e4d1d7800adb26bf9c5ca5bab1648a1eddcac84d107b73dc68327",
                "sha256:f20f4912daf443220436759858f96fefbfc6c6ba9e67835fd6e4e9b73582791a",
                "sha256:f2b37b5b2c2a9d56d9e88efef200ec09c36c7f323f9d58d0b985a90923df386d",
                "sha256:fe765b809a1f7ce642c2edeee351e7ebd84391640031ba4b60af8d91a9045890"
            ],
            "version": "==2019.8.19"
        },
        "requests": {
            "hashes": [
                "sha256:11e007a8a2aa0323f5a921e9e6a2d7e4e67d9877e85773fba9ba6419025cbeb4",
                "sha256:9cf5292fcd0f598c671cfc1e0d7d1a7f13bb8085e9a590f48c010551dc6c4b31"
            ],
            "index": "pypi",
            "version": "==2.22.0"
        },
        "responses": {
            "hashes": [
                "sha256:502d9c0c8008439cfcdef7e251f507fcfdd503b56e8c0c87c3c3e3393953f790",
                "sha256:97193c0183d63fba8cd3a041c75464e4b09ea0aff6328800d1546598567dde0b"
            ],
            "version": "==0.10.6"
        },
        "rsa": {
            "hashes": [
                "sha256:25df4e10c263fb88b5ace923dd84bf9aa7f5019687b5e55382ffcdb8bede9db5",
                "sha256:43f682fea81c452c98d09fc316aae12de6d30c4b5c84226642cf8f8fd1c93abd"
            ],
            "version": "==3.4.2"
        },
        "s3transfer": {
            "hashes": [
                "sha256:90dc18e028989c609146e241ea153250be451e05ecc0c2832565231dacdf59c1",
                "sha256:c7a9ec356982d5e9ab2d4b46391a7d6a950e2b04c472419f5fdec70cc0ada72f"
            ],
            "version": "==0.1.13"
        },
        "sentry-sdk": {
            "hashes": [
                "sha256:79e8352b5097aa06014871c6daad0933f59d1fcccc586339464ea86e4877b2ab",
                "sha256:aeaaf6ae7cc4030d390e5c95797ac1a2a79ac2c8b687709293975ee808c68784"
            ],
            "index": "pypi",
            "version": "==0.11.1"
        },
        "six": {
            "hashes": [
                "sha256:3350809f0555b11f552448330d0b52d5f24c91a322ea4a15ef22629740f3761c",
                "sha256:d16a0141ec1a18405cd4ce8b4613101da75da0e9a7aec5bdd4fa804d0e0eba73"
            ],
            "version": "==1.12.0"
        },
        "sqlparse": {
            "hashes": [
                "sha256:40afe6b8d4b1117e7dff5504d7a8ce07d9a1b15aeeade8a2d10f130a834f8177",
                "sha256:7c3dca29c022744e95b547e867cee89f4fce4373f3549ccd8797d8eb52cdb873"
            ],
            "version": "==0.3.0"
        },
        "tempora": {
            "hashes": [
                "sha256:cb60b1d2b1664104e307f8e5269d7f4acdb077c82e35cd57246ae14a3427d2d6",
                "sha256:d28a03d2f64ee81aec6e6bff374127ef306fe00c1b7e27c7ff1618344221a699"
            ],
            "version": "==1.14.1"
        },
        "typing": {
            "hashes": [
                "sha256:91dfe6f3f706ee8cc32d38edbbf304e9b7583fb37108fef38229617f8b3eba23",
                "sha256:c8cabb5ab8945cd2f54917be357d134db9cc1eb039e59d1606dc1e60cb1d9d36",
                "sha256:f38d83c5a7a7086543a0f649564d661859c5146a85775ab90c0d2f93ffaa9714"
            ],
            "version": "==3.7.4.1"
        },
        "typing-extensions": {
            "hashes": [
                "sha256:2ed632b30bb54fc3941c382decfd0ee4148f5c591651c9272473fea2c6397d95",
                "sha256:b1edbbf0652660e32ae780ac9433f4231e7339c7f9a8057d0f042fcbcea49b87",
                "sha256:d8179012ec2c620d3791ca6fe2bf7979d979acdbef1fca0bc56b37411db682ed"
            ],
            "version": "==3.7.4"
        },
        "unidecode": {
            "hashes": [
                "sha256:280a6ab88e1f2eb5af79edff450021a0d3f0448952847cd79677e55e58bad051",
                "sha256:61f807220eda0203a774a09f84b4304a3f93b5944110cc132af29ddb81366883"
            ],
            "version": "==0.4.21"
        },
        "urllib3": {
            "hashes": [
                "sha256:a68ac5e15e76e7e5dd2b8f94007233e01effe3e50e8daddf69acfd81cb686baf",
                "sha256:b5725a0bd4ba422ab0e66e89e030c806576753ea3ee08554382c14e685d117b5"
            ],
            "version": "==1.23"
        },
        "vine": {
            "hashes": [
                "sha256:133ee6d7a9016f177ddeaf191c1f58421a1dcc6ee9a42c58b34bed40e1d2cd87",
                "sha256:ea4947cc56d1fd6f2095c8d543ee25dad966f78692528e68b4fada11ba3f98af"
            ],
            "version": "==1.3.0"
        },
        "zc.lockfile": {
            "hashes": [
                "sha256:307ad78227e48be260e64896ec8886edc7eae22d8ec53e4d528ab5537a83203b",
                "sha256:cc33599b549f0c8a248cb72f3bf32d77712de1ff7ee8814312eb6456b42c015f"
            ],
            "version": "==2.0"
        },
        "zipp": {
            "hashes": [
                "sha256:3718b1cbcd963c7d4c5511a8240812904164b7f381b647143a89d3b98f9bcd8e",
                "sha256:f06903e9f1f43b12d371004b4ac7b06ab39a44adc747266928ae6debfa7b3335"
            ],
            "version": "==0.6.0"
        }
    },
    "develop": {
        "astroid": {
            "hashes": [
                "sha256:6560e1e1749f68c64a4b5dee4e091fce798d2f0d84ebe638cf0e0585a343acf4",
                "sha256:b65db1bbaac9f9f4d190199bb8680af6f6f84fd3769a5ea883df8a91fe68b4c4"
            ],
            "version": "==2.2.5"
        },
        "beautifulsoup4": {
            "hashes": [
                "sha256:11a9a27b7d3bddc6d86f59fb76afb70e921a25ac2d6cc55b40d072bd68435a76",
                "sha256:7015e76bf32f1f574636c4288399a6de66ce08fb7b2457f628a8d70c0fbabb11",
                "sha256:808b6ac932dccb0a4126558f7dfdcf41710dd44a4ef497a0bb59a77f9f078e89"
            ],
            "version": "==4.6.0"
        },
        "certifi": {
            "hashes": [
                "sha256:046832c04d4e752f37383b628bc601a7ea7211496b4638f6514d0e5b9acc4939",
                "sha256:945e3ba63a0b9f577b1395204e13c3a231f9bc0223888be653286534e5873695"
            ],
            "version": "==2019.6.16"
        },
        "chardet": {
            "hashes": [
                "sha256:84ab92ed1c4d4f16916e05906b6b75a6c0fb5db821cc65e70cbd64a3e2a5eaae",
                "sha256:fc323ffcaeaed0e0a02bf4d117757b98aed530d9ed4531e3e15460124c106691"
            ],
            "version": "==3.0.4"
        },
        "django": {
            "hashes": [
                "sha256:16a5d54411599780ac9dfe3b9b38f90f785c51259a584e0b24b6f14a7f69aae8",
                "sha256:9a2f98211ab474c710fcdad29c82f30fc14ce9917c7a70c3682162a624de4035"
            ],
            "index": "pypi",
            "version": "==2.2.4"
        },
        "django-debug-toolbar": {
            "hashes": [
                "sha256:08e0e43f6c1fd9820af4cbdcd54b5fb80bf83a2e08b2cc952547a671174999b8",
                "sha256:1dcae28d430522debafde2602b3450eb784410b78e16c29a00448032df2a4c90"
            ],
            "index": "pypi",
            "version": "==1.10.1"
        },
        "django-modelcluster": {
            "hashes": [
                "sha256:59672386191d38c69d6f994c3f9aaab3ff93910ec71e78a0bb6aa9abd4d1b90a",
                "sha256:eea507f2dd8bd283600c1cfa4de6776501a28f199089bb00613c1621505e80cc"
            ],
            "version": "==4.4"
        },
        "django-taggit": {
            "hashes": [
                "sha256:710b4d15ec1996550cc68a0abbc41903ca7d832540e52b1336e6858737e410d8",
                "sha256:bb8f27684814cd1414b2af75b857b5e26a40912631904038a7ecacd2bfafc3ac"
            ],
            "version": "==0.24.0"
        },
        "django-treebeard": {
            "hashes": [
                "sha256:c21db06a8d4943bf2a28d9d7a119058698fb76116df2679ecbf15a46a501de42"
            ],
            "version": "==4.3"
        },
        "djangorestframework": {
            "hashes": [
                "sha256:42979bd5441bb4d8fd69d0f385024a114c3cae7df0f110600b718751250f6929",
                "sha256:aedb48010ebfab9651aaab1df5fd3b4848eb4182afc909852a2110c24f89a359"
            ],
            "index": "pypi",
            "version": "==3.10.2"
        },
        "draftjs-exporter": {
            "hashes": [
                "sha256:503f222c81de9a0619158d8f88b638f9069af8de233dc020faa782c7a3b22100"
            ],
            "version": "==2.1.6"
        },
        "entrypoints": {
            "hashes": [
                "sha256:589f874b313739ad35be6e0cd7efde2a4e9b6fea91edcc34e58ecbb8dbe56d19",
                "sha256:c70dd71abe5a8c85e55e12c19bd91ccfeec11a6e99044204511f9ed547d48451"
            ],
            "version": "==0.3"
        },
        "factory-boy": {
            "hashes": [
                "sha256:36c949d5c7adefb02d25323b7a5a97dc698e58ef84c4654845ecb2e34bee9a23",
                "sha256:a65ff40d2f478d926539e4687e8033c1eff0f8ec9ea9031a8f7e0d385014a6aa"
            ],
            "version": "==2.7.0"
        },
        "fake-factory": {
            "hashes": [
                "sha256:8c1413671f86c1ffc5b2deabf09b320b532e41e105edfce7b503e7ab52464ba1",
                "sha256:ae5caf54c5f1a77c2130b2bb05cdb0d11add8249474b4f757c7065c2ef421868"
            ],
            "version": "==0.7.4"
        },
        "faker": {
            "hashes": [
                "sha256:1d3f700e8dfcefd6e657118d71405d53e86974448aba78884f119bbd84c0cddf",
                "sha256:d5366e120191c5610fceeebfe1c298dc46da0277096f639c6dd7e2eaee0fa547"
            ],
            "version": "==2.0.1"
        },
        "flake8": {
            "hashes": [
                "sha256:19241c1cbc971b9962473e4438a2ca19749a7dd002dd1a946eaba171b4114548",
                "sha256:8e9dfa3cecb2400b3738a42c54c3043e821682b9c840b0448c0503f781130696"
            ],
            "index": "pypi",
            "version": "==3.7.8"
        },
        "html5lib": {
            "hashes": [
                "sha256:20b159aa3badc9d5ee8f5c647e5efd02ed2a66ab8d354930bd9ff139fc1dc0a3",
                "sha256:66cb0dcfdbbc4f9c3ba1a63fdb511ffdbd4f513b2b6d81b80cd26ce6b3fb3736"
            ],
            "version": "==1.0.1"
        },
        "idna": {
            "hashes": [
                "sha256:c357b3f628cf53ae2c4c05627ecc484553142ca23264e593d327bcde5e9c3407",
                "sha256:ea8b7f6188e6fa117537c3df7da9fc686d485087abf6ac197f9c46432f7e4a3c"
            ],
            "version": "==2.8"
        },
        "invoke": {
            "hashes": [
                "sha256:c52274d2e8a6d64ef0d61093e1983268ea1fc0cd13facb9448c4ef0c9a7ac7da",
                "sha256:f4ec8a134c0122ea042c8912529f87652445d9f4de590b353d23f95bfa1f0efd",
                "sha256:fc803a5c9052f15e63310aa81a43498d7c55542beb18564db88a9d75a176fa44"
            ],
            "index": "pypi",
            "version": "==1.3.0"
        },
        "isort": {
            "hashes": [
                "sha256:54da7e92468955c4fceacd0c86bd0ec997b0e1ee80d97f67c35a78b719dccab1",
                "sha256:6e811fcb295968434526407adb8796944f1988c5b65e8139058f2014cbe100fd"
            ],
            "index": "pypi",
            "version": "==4.3.21"
        },
        "lazy-object-proxy": {
            "hashes": [
                "sha256:02b260c8deb80db09325b99edf62ae344ce9bc64d68b7a634410b8e9a568edbf",
                "sha256:18f9c401083a4ba6e162355873f906315332ea7035803d0fd8166051e3d402e3",
                "sha256:1f2c6209a8917c525c1e2b55a716135ca4658a3042b5122d4e3413a4030c26ce",
                "sha256:2f06d97f0ca0f414f6b707c974aaf8829c2292c1c497642f63824119d770226f",
                "sha256:616c94f8176808f4018b39f9638080ed86f96b55370b5a9463b2ee5c926f6c5f",
                "sha256:63b91e30ef47ef68a30f0c3c278fbfe9822319c15f34b7538a829515b84ca2a0",
                "sha256:77b454f03860b844f758c5d5c6e5f18d27de899a3db367f4af06bec2e6013a8e",
                "sha256:83fe27ba321e4cfac466178606147d3c0aa18e8087507caec78ed5a966a64905",
                "sha256:84742532d39f72df959d237912344d8a1764c2d03fe58beba96a87bfa11a76d8",
                "sha256:874ebf3caaf55a020aeb08acead813baf5a305927a71ce88c9377970fe7ad3c2",
                "sha256:9f5caf2c7436d44f3cec97c2fa7791f8a675170badbfa86e1992ca1b84c37009",
                "sha256:a0c8758d01fcdfe7ae8e4b4017b13552efa7f1197dd7358dc9da0576f9d0328a",
                "sha256:a4def978d9d28cda2d960c279318d46b327632686d82b4917516c36d4c274512",
                "sha256:ad4f4be843dace866af5fc142509e9b9817ca0c59342fdb176ab6ad552c927f5",
                "sha256:ae33dd198f772f714420c5ab698ff05ff900150486c648d29951e9c70694338e",
                "sha256:b4a2b782b8a8c5522ad35c93e04d60e2ba7f7dcb9271ec8e8c3e08239be6c7b4",
                "sha256:c462eb33f6abca3b34cdedbe84d761f31a60b814e173b98ede3c81bb48967c4f",
                "sha256:fd135b8d35dfdcdb984828c84d695937e58cc5f49e1c854eb311c4d6aa03f4f1"
            ],
            "version": "==1.4.2"
        },
        "mccabe": {
            "hashes": [
                "sha256:ab8a6258860da4b6677da4bd2fe5dc2c659cff31b3ee4f7f5d64e79735b80d42",
                "sha256:dd8d182285a0fe56bace7f45b5e7d1a6ebcbf524e8f3bd87eb0f125271b8831f"
            ],
            "version": "==0.6.1"
        },
        "model-mommy": {
            "hashes": [
                "sha256:0e42c8f4a37c874dd81675ef8a385d3a25877082565e0d213022898c637f6f25",
                "sha256:8313c253617255060de474cdfcc0f7517e42deafc5619fec832a6c04b292b5d7"
            ],
            "index": "pypi",
            "version": "==1.6.0"
        },
        "pillow": {
            "hashes": [
                "sha256:0122ea0ebc4290f57e5dfe8227885ff3263eeaf57acaf6a1567eb2b74ca8075a",
                "sha256:1b661661db640dffd4f33d8621ccb84e705749b8ce10903b6f5e9661a730d70c",
                "sha256:20d171b35d0f5a18a300538b77fec2fe1bb1345e81a3eccb44a47a9a289d9006",
                "sha256:2498f309fdbae5282748e699d3b1358a2edbcf5ed5ed3383b8f3f2fa043abae2",
                "sha256:31b74729177b771295867997283739235f07670a62fd424b9a44a4c063c48507",
                "sha256:3591a273b70fed23a49b3896dc0d9727cb802a80c58737d7244b49341ed47acf",
                "sha256:3623153a144a939f63a2045e221ed98290d95c36237569c51578bf01f65067f7",
                "sha256:394a5342d47b2c188ba5158e161a72fdb6d0f6f54f95f54b0b28189baf580031",
                "sha256:3b7b9d9c2cd2564c8552c3bc058a630c48de2fb2b7e28a5d6628e238368026e9",
                "sha256:43277035bb3054a6c02b8be3c743cd44803d9bcd1db35e1608bec21b4eff7869",
                "sha256:4588f7ef61be580ac9c3e838082d28d63ed1c784a7d899a363d63fe432d52eaa",
                "sha256:577c14825df65afa1698dda6913b7c678427210f02c3a850d81046003004b11a",
                "sha256:6adab9c0d524040ad674ab69565f6e0de80fdba63ed05f8b14c21e2a8bb668e5",
                "sha256:7597581ef84f0662b630353a4d649204f271efa9e48b28da664ff4ed90233a50",
                "sha256:7778ed5f4af2b5b2f7842e5a0000b5279e33cbfdc465a466419005cab205fbfa",
                "sha256:88cdb0057f82886147d8c86088f784099dffaed50890400f4cbfe15e82d0583f",
                "sha256:92dad394e6e7762dc1f2a5eb5fd1a2c3564b54812a717b2fdd755dd60deb60ae",
                "sha256:98e3f3267fa1e7d36e49600cd6dcddf024a959a0411971bd3e4d7ba4c2d16d87",
                "sha256:a08c406d1a5e2ce34d79ff98d1125729623cd8f7e76e28ab60891f1410921b07",
                "sha256:a51a91962966efe8872b624ec38dae556c50ca3a4a179dbb322f930146760890",
                "sha256:a57f32a2f09ed61800e687aec0b2eebb095499116f50eff99e27e03ed9a8d776",
                "sha256:b6cf9c210766664b63b034da65845c40fecc3c157bd2832ec3f4fe7e0bb6c2e3",
                "sha256:c2f377c0106cff9d349e18abd27af3cf8379ee28a8b297075c68fc486ec5a890",
                "sha256:de009e7077c56e3f5d1369e0bd66377e2b53d6705790193c595fc7befd95a491",
                "sha256:e24fb802b0ea28eb0a37367287466b98d9599a5d771a5b0091e81102155f542c",
                "sha256:ee26d2d7e7e300f76ba7b796014c04011394d0c4a5ed9a288264a3e443abca50",
                "sha256:ff04a7672239ac913c1a0a320748b612f39c4f5f58ae103888bc8feb771d6942"
            ],
            "index": "pypi",
            "version": "==4.0.0"
        },
        "pycodestyle": {
            "hashes": [
                "sha256:95a2219d12372f05704562a14ec30bc76b05a5b297b21a5dfe3f6fac3491ae56",
                "sha256:e40a936c9a450ad81df37f549d676d127b1b66000a6c500caa2b085bc0ca976c"
            ],
            "version": "==2.5.0"
        },
        "pyflakes": {
            "hashes": [
                "sha256:17dbeb2e3f4d772725c777fabc446d5634d1038f234e77343108ce445ea69ce0",
                "sha256:d976835886f8c5b31d47970ed689944a0262b5f3afa00a5a7b4dc81e5449f8a2"
            ],
            "version": "==2.1.1"
        },
        "pylint": {
            "hashes": [
                "sha256:5d77031694a5fb97ea95e828c8d10fc770a1df6eb3906067aaed42201a8a6a09",
                "sha256:723e3db49555abaf9bf79dc474c6b9e2935ad82230b10c1138a71ea41ac0fff1"
            ],
            "index": "pypi",
            "version": "==2.3.1"
        },
        "python-dateutil": {
            "hashes": [
                "sha256:7e6584c74aeed623791615e26efd690f29817a27c73085b78e4bad02493df2fb",
                "sha256:c89805f6f4d64db21ed966fda138f8a5ed7a4fdbc1a8ee329ce1b74e3c74da9e"
            ],
            "markers": "python_version >= '2.7'",
            "version": "==2.8.0"
        },
        "pytz": {
            "hashes": [
                "sha256:26c0b32e437e54a18161324a2fca3c4b9846b74a8dccddd843113109e1116b32",
                "sha256:c894d57500a4cd2d5c71114aaab77dbab5eabd9022308ce5ac9bb93a60a6f0c7"
            ],
            "version": "==2019.2"
        },
        "requests": {
            "hashes": [
                "sha256:11e007a8a2aa0323f5a921e9e6a2d7e4e67d9877e85773fba9ba6419025cbeb4",
                "sha256:9cf5292fcd0f598c671cfc1e0d7d1a7f13bb8085e9a590f48c010551dc6c4b31"
            ],
            "index": "pypi",
            "version": "==2.22.0"
        },
        "six": {
            "hashes": [
                "sha256:3350809f0555b11f552448330d0b52d5f24c91a322ea4a15ef22629740f3761c",
                "sha256:d16a0141ec1a18405cd4ce8b4613101da75da0e9a7aec5bdd4fa804d0e0eba73"
            ],
            "version": "==1.12.0"
        },
        "sqlparse": {
            "hashes": [
                "sha256:40afe6b8d4b1117e7dff5504d7a8ce07d9a1b15aeeade8a2d10f130a834f8177",
                "sha256:7c3dca29c022744e95b547e867cee89f4fce4373f3549ccd8797d8eb52cdb873"
            ],
            "version": "==0.3.0"
        },
        "text-unidecode": {
            "hashes": [
                "sha256:5a1375bb2ba7968740508ae38d92e1f889a0832913cb1c447d5e2046061a396d",
                "sha256:801e38bd550b943563660a91de8d4b6fa5df60a542be9093f7abf819f86050cc"
            ],
            "version": "==1.2"
        },
        "typed-ast": {
            "hashes": [
                "sha256:18511a0b3e7922276346bcb47e2ef9f38fb90fd31cb9223eed42c85d1312344e",
                "sha256:262c247a82d005e43b5b7f69aff746370538e176131c32dda9cb0f324d27141e",
                "sha256:2b907eb046d049bcd9892e3076c7a6456c93a25bebfe554e931620c90e6a25b0",
                "sha256:354c16e5babd09f5cb0ee000d54cfa38401d8b8891eefa878ac772f827181a3c",
                "sha256:4e0b70c6fc4d010f8107726af5fd37921b666f5b31d9331f0bd24ad9a088e631",
                "sha256:630968c5cdee51a11c05a30453f8cd65e0cc1d2ad0d9192819df9978984529f4",
                "sha256:66480f95b8167c9c5c5c87f32cf437d585937970f3fc24386f313a4c97b44e34",
                "sha256:71211d26ffd12d63a83e079ff258ac9d56a1376a25bc80b1cdcdf601b855b90b",
                "sha256:95bd11af7eafc16e829af2d3df510cecfd4387f6453355188342c3e79a2ec87a",
                "sha256:bc6c7d3fa1325a0c6613512a093bc2a2a15aeec350451cbdf9e1d4bffe3e3233",
                "sha256:cc34a6f5b426748a507dd5d1de4c1978f2eb5626d51326e43280941206c209e1",
                "sha256:d755f03c1e4a51e9b24d899561fec4ccaf51f210d52abdf8c07ee2849b212a36",
                "sha256:d7c45933b1bdfaf9f36c579671fec15d25b06c8398f113dab64c18ed1adda01d",
                "sha256:d896919306dd0aa22d0132f62a1b78d11aaf4c9fc5b3410d3c666b818191630a",
                "sha256:ffde2fbfad571af120fcbfbbc61c72469e72f550d676c3342492a9dfdefb8f12"
            ],
            "markers": "implementation_name == 'cpython'",
            "version": "==1.4.0"
        },
        "unidecode": {
            "hashes": [
                "sha256:280a6ab88e1f2eb5af79edff450021a0d3f0448952847cd79677e55e58bad051",
                "sha256:61f807220eda0203a774a09f84b4304a3f93b5944110cc132af29ddb81366883"
            ],
            "version": "==0.4.21"
        },
        "urllib3": {
            "hashes": [
                "sha256:a68ac5e15e76e7e5dd2b8f94007233e01effe3e50e8daddf69acfd81cb686baf",
                "sha256:b5725a0bd4ba422ab0e66e89e030c806576753ea3ee08554382c14e685d117b5"
            ],
            "version": "==1.23"
        },
        "wagtail": {
            "hashes": [
                "sha256:8b66ecf74d40ccc7070944ff2e5a3ae33e42ecf92eb98b92c155410e48f4c974",
                "sha256:f0793d4de7d9064df04f6086e93992a5c1b07fb97f76996ea1a550bce3d57a16"
            ],
            "version": "==2.6.1"
        },
        "wagtail-factories": {
            "hashes": [
                "sha256:1751638d60c74c2862ce467a88f538c7ba765a70885a8ecd3c4a4e355506b028",
                "sha256:ab43b4c99819d208f78e2338a6f230c8730a16367869d2e18dc2ed43f9b2b36e"
            ],
            "index": "pypi",
            "version": "==1.0.0"
        },
        "webencodings": {
            "hashes": [
                "sha256:a0af1213f3c2226497a97e2b3aa01a7e4bee4f403f95be16fc9acd2947514a78",
                "sha256:b36a1c245f2d304965eb4e0a82848379241dc04b865afcc4aab16748587e1923"
            ],
            "version": "==0.5.1"
        },
        "werkzeug": {
            "hashes": [
                "sha256:87ae4e5b5366da2347eb3116c0e6c681a0e939a33b2805e2c0cbd282664932c4",
                "sha256:a13b74dd3c45f758d4ebdb224be8f1ab8ef58b3c0ffc1783a8c7d9f4f50227e6"
            ],
            "index": "pypi",
            "version": "==0.15.5"
        },
        "willow": {
            "hashes": [
                "sha256:76a8874304356b7d86923405f5ca1df125c3540fb55b32747e7a33ba59bc1744",
                "sha256:818ee11803c90a0a6d49c94b0453d6266be1ef83ae00de72731c45fae4d3e78c"
            ],
            "version": "==1.1"
        },
        "wrapt": {
            "hashes": [
                "sha256:565a021fd19419476b9362b05eeaa094178de64f8361e44468f9e9d7843901e1"
            ],
            "version": "==1.11.2"
        },
        "yapf": {
            "hashes": [
                "sha256:02ace10a00fa2e36c7ebd1df2ead91dbfbd7989686dc4ccbdc549e95d19f5780",
                "sha256:6f94b6a176a7c114cfa6bad86d40f259bbe0f10cf2fa7f2f4b3596fc5802a41b"
            ],
            "index": "pypi",
            "version": "==0.28.0"
        }
    }
}
